
Microsoft Visual Studio Solution File, Format Version 12.00
# Visual Studio Version 17
VisualStudioVersion = 17.1.32210.238
MinimumVisualStudioVersion = 10.0.40219.1
Project("{FAE04EC0-301F-11D3-BF4B-00C04F79EFBC}") = "DocGenerator", "DocGenerator\DocGenerator.csproj", "{C3969A63-9C10-47DB-8333-36B13ABF5AFB}"
EndProject
Global
	GlobalSection(SolutionConfigurationPlatforms) = preSolution
		Debug|Any CPU = Debug|Any CPU
		Release|Any CPU = Release|Any CPU
	EndGlobalSection
	GlobalSection(ProjectConfigurationPlatforms) = postSolution
		{C3969A63-9C10-47DB-8333-36B13ABF5AFB}.Debug|Any CPU.ActiveCfg = Debug|Any CPU
		{C3969A63-9C10-47DB-8333-36B13ABF5AFB}.Debug|Any CPU.Build.0 = Debug|Any CPU
		{C3969A63-9C10-47DB-8333-36B13ABF5AFB}.Release|Any CPU.ActiveCfg = Release|Any CPU
		{C3969A63-9C10-47DB-8333-36B13ABF5AFB}.Release|Any CPU.Build.0 = Release|Any CPU
	EndGlobalSection
	GlobalSection(SolutionProperties) = preSolution
		HideSolutionNode = FALSE
	EndGlobalSection
	GlobalSection(ExtensibilityGlobals) = postSolution
		SolutionGuid = {0802F24D-8A07-4A68-92A2-4EAC89BBC6E4}
	EndGlobalSection
EndGlobal
